// !$*UTF8*$!
{
	archiveVersion = 1;
	classes = {
	};
	objectVersion = 50;
	objects = {

/* Begin PBXBuildFile section */
		3A38DB33236EBFE200621E1A /* AppDelegate.swift in Sources */ = {isa = PBXBuildFile; fileRef = 3A38DB32236EBFE200621E1A /* AppDelegate.swift */; };
		3A38DB35236EBFE200621E1A /* SceneDelegate.swift in Sources */ = {isa = PBXBuildFile; fileRef = 3A38DB34236EBFE200621E1A /* SceneDelegate.swift */; };
		3A38DB37236EBFE200621E1A /* ViewController.swift in Sources */ = {isa = PBXBuildFile; fileRef = 3A38DB36236EBFE200621E1A /* ViewController.swift */; };
		3A38DB3A236EBFE200621E1A /* Main.storyboard in Resources */ = {isa = PBXBuildFile; fileRef = 3A38DB38236EBFE200621E1A /* Main.storyboard */; };
		3A38DB3C236EBFE400621E1A /* Assets.xcassets in Resources */ = {isa = PBXBuildFile; fileRef = 3A38DB3B236EBFE400621E1A /* Assets.xcassets */; };
		3A38DB3F236EBFE400621E1A /* LaunchScreen.storyboard in Resources */ = {isa = PBXBuildFile; fileRef = 3A38DB3D236EBFE400621E1A /* LaunchScreen.storyboard */; };
		3A38DB4A236EBFE400621E1A /* CalculatorTests.swift in Sources */ = {isa = PBXBuildFile; fileRef = 3A38DB49236EBFE400621E1A /* CalculatorTests.swift */; };
		3A38DB55236EBFE500621E1A /* CalculatorUITests.swift in Sources */ = {isa = PBXBuildFile; fileRef = 3A38DB54236EBFE500621E1A /* CalculatorUITests.swift */; };
/* End PBXBuildFile section */

/* Begin PBXContainerItemProxy section */
		3A38DB46236EBFE400621E1A /* PBXContainerItemProxy */ = {
			isa = PBXContainerItemProxy;
			containerPortal = 3A38DB27236EBFE200621E1A /* Project object */;
			proxyType = 1;
			remoteGlobalIDString = 3A38DB2E236EBFE200621E1A;
			remoteInfo = Calculator;
		};
		3A38DB51236EBFE500621E1A /* PBXContainerItemProxy */ = {
			isa = PBXContainerItemProxy;
			containerPortal = 3A38DB27236EBFE200621E1A /* Project object */;
			proxyType = 1;
			remoteGlobalIDString = 3A38DB2E236EBFE200621E1A;
			remoteInfo = Calculator;
		};
/* End PBXContainerItemProxy section */

/* Begin PBXFileReference section */
		3A38DB2F236EBFE200621E1A /* Calculator.app */ = {isa = PBXFileReference; explicitFileType = wrapper.application; includeInIndex = 0; path = Calculator.app; sourceTree = BUILT_PRODUCTS_DIR; };
		3A38DB32236EBFE200621E1A /* AppDelegate.swift */ = {isa = PBXFileReference; lastKnownFileType = sourcecode.swift; path = AppDelegate.swift; sourceTree = "<group>"; };
		3A38DB34236EBFE200621E1A /* SceneDelegate.swift */ = {isa = PBXFileReference; lastKnownFileType = sourcecode.swift; path = SceneDelegate.swift; sourceTree = "<group>"; };
		3A38DB36236EBFE200621E1A /* ViewController.swift */ = {isa = PBXFileReference; lastKnownFileType = sourcecode.swift; path = ViewController.swift; sourceTree = "<group>"; };
		3A38DB39236EBFE200621E1A /* Base */ = {isa = PBXFileReference; lastKnownFileType = file.storyboard; name = Base; path = Base.lproj/Main.storyboard; sourceTree = "<group>"; };
		3A38DB3B236EBFE400621E1A /* Assets.xcassets */ = {isa = PBXFileReference; lastKnownFileType = folder.assetcatalog; path = Assets.xcassets; sourceTree = "<group>"; };
		3A38DB3E236EBFE400621E1A /* Base */ = {isa = PBXFileReference; lastKnownFileType = file.storyboard; name = Base; path = Base.lproj/LaunchScreen.storyboard; sourceTree = "<group>"; };
		3A38DB40236EBFE400621E1A /* Info.plist */ = {isa = PBXFileReference; lastKnownFileType = text.plist.xml; path = Info.plist; sourceTree = "<group>"; };
		3A38DB45236EBFE400621E1A /* CalculatorTests.xctest */ = {isa = PBXFileReference; explicitFileType = wrapper.cfbundle; includeInIndex = 0; path = CalculatorTests.xctest; sourceTree = BUILT_PRODUCTS_DIR; };
		3A38DB49236EBFE400621E1A /* CalculatorTests.swift */ = {isa = PBXFileReference; lastKnownFileType = sourcecode.swift; path = CalculatorTests.swift; sourceTree = "<group>"; };
		3A38DB4B236EBFE400621E1A /* Info.plist */ = {isa = PBXFileReference; lastKnownFileType = text.plist.xml; path = Info.plist; sourceTree = "<group>"; };
		3A38DB50236EBFE500621E1A /* CalculatorUITests.xctest */ = {isa = PBXFileReference; explicitFileType = wrapper.cfbundle; includeInIndex = 0; path = CalculatorUITests.xctest; sourceTree = BUILT_PRODUCTS_DIR; };
		3A38DB54236EBFE500621E1A /* CalculatorUITests.swift */ = {isa = PBXFileReference; lastKnownFileType = sourcecode.swift; path = CalculatorUITests.swift; sourceTree = "<group>"; };
		3A38DB56236EBFE500621E1A /* Info.plist */ = {isa = PBXFileReference; lastKnownFileType = text.plist.xml; path = Info.plist; sourceTree = "<group>"; };
/* End PBXFileReference section */

/* Begin PBXFrameworksBuildPhase section */
		3A38DB2C236EBFE200621E1A /* Frameworks */ = {
			isa = PBXFrameworksBuildPhase;
			buildActionMask = 2147483647;
			files = (
			);
			runOnlyForDeploymentPostprocessing = 0;
		};
		3A38DB42236EBFE400621E1A /* Frameworks */ = {
			isa = PBXFrameworksBuildPhase;
			buildActionMask = 2147483647;
			files = (
			);
			runOnlyForDeploymentPostprocessing = 0;
		};
		3A38DB4D236EBFE500621E1A /* Frameworks */ = {
			isa = PBXFrameworksBuildPhase;
			buildActionMask = 2147483647;
			files = (
			);
			runOnlyForDeploymentPostprocessing = 0;
		};
/* End PBXFrameworksBuildPhase section */

/* Begin PBXGroup section */
		3A38DB26236EBFE200621E1A = {
			isa = PBXGroup;
			children = (
				3A38DB31236EBFE200621E1A /* Calculator */,
				3A38DB48236EBFE400621E1A /* CalculatorTests */,
				3A38DB53236EBFE500621E1A /* CalculatorUITests */,
				3A38DB30236EBFE200621E1A /* Products */,
			);
			sourceTree = "<group>";
		};
		3A38DB30236EBFE200621E1A /* Products */ = {
			isa = PBXGroup;
			children = (
				3A38DB2F236EBFE200621E1A /* Calculator.app */,
				3A38DB45236EBFE400621E1A /* CalculatorTests.xctest */,
				3A38DB50236EBFE500621E1A /* CalculatorUITests.xctest */,
			);
			name = Products;
			sourceTree = "<group>";
		};
		3A38DB31236EBFE200621E1A /* Calculator */ = {
			isa = PBXGroup;
			children = (
				3A38DB32236EBFE200621E1A /* AppDelegate.swift */,
				3A38DB34236EBFE200621E1A /* SceneDelegate.swift */,
				3A38DB36236EBFE200621E1A /* ViewController.swift */,
				3A38DB38236EBFE200621E1A /* Main.storyboard */,
				3A38DB3B236EBFE400621E1A /* Assets.xcassets */,
				3A38DB3D236EBFE400621E1A /* LaunchScreen.storyboard */,
				3A38DB40236EBFE400621E1A /* Info.plist */,
			);
			path = Calculator;
			sourceTree = "<group>";
		};
		3A38DB48236EBFE400621E1A /* CalculatorTests */ = {
			isa = PBXGroup;
			children = (
				3A38DB49236EBFE400621E1A /* CalculatorTests.swift */,
				3A38DB4B236EBFE400621E1A /* Info.plist */,
			);
			path = CalculatorTests;
			sourceTree = "<group>";
		};
		3A38DB53236EBFE500621E1A /* CalculatorUITests */ = {
			isa = PBXGroup;
			children = (
				3A38DB54236EBFE500621E1A /* CalculatorUITests.swift */,
				3A38DB56236EBFE500621E1A /* Info.plist */,
			);
			path = CalculatorUITests;
			sourceTree = "<group>";
		};
/* End PBXGroup section */

/* Begin PBXNativeTarget section */
		3A38DB2E236EBFE200621E1A /* Calculator */ = {
			isa = PBXNativeTarget;
			buildConfigurationList = 3A38DB59236EBFE500621E1A /* Build configuration list for PBXNativeTarget "Calculator" */;
			buildPhases = (
				3A38DB2B236EBFE200621E1A /* Sources */,
				3A38DB2C236EBFE200621E1A /* Frameworks */,
				3A38DB2D236EBFE200621E1A /* Resources */,
			);
			buildRules = (
			);
			dependencies = (
			);
			name = Calculator;
			productName = Calculator;
			productReference = 3A38DB2F236EBFE200621E1A /* Calculator.app */;
			productType = "com.apple.product-type.application";
		};
		3A38DB44236EBFE400621E1A /* CalculatorTests */ = {
			isa = PBXNativeTarget;
			buildConfigurationList = 3A38DB5C236EBFE500621E1A /* Build configuration list for PBXNativeTarget "CalculatorTests" */;
			buildPhases = (
				3A38DB41236EBFE400621E1A /* Sources */,
				3A38DB42236EBFE400621E1A /* Frameworks */,
				3A38DB43236EBFE400621E1A /* Resources */,
			);
			buildRules = (
			);
			dependencies = (
				3A38DB47236EBFE400621E1A /* PBXTargetDependency */,
			);
			name = CalculatorTests;
			productName = CalculatorTests;
			productReference = 3A38DB45236EBFE400621E1A /* CalculatorTests.xctest */;
			productType = "com.apple.product-type.bundle.unit-test";
		};
		3A38DB4F236EBFE500621E1A /* CalculatorUITests */ = {
			isa = PBXNativeTarget;
			buildConfigurationList = 3A38DB5F236EBFE500621E1A /* Build configuration list for PBXNativeTarget "CalculatorUITests" */;
			buildPhases = (
				3A38DB4C236EBFE500621E1A /* Sources */,
				3A38DB4D236EBFE500621E1A /* Frameworks */,
				3A38DB4E236EBFE500621E1A /* Resources */,
			);
			buildRules = (
			);
			dependencies = (
				3A38DB52236EBFE500621E1A /* PBXTargetDependency */,
			);
			name = CalculatorUITests;
			productName = CalculatorUITests;
			productReference = 3A38DB50236EBFE500621E1A /* CalculatorUITests.xctest */;
			productType = "com.apple.product-type.bundle.ui-testing";
		};
/* End PBXNativeTarget section */

/* Begin PBXProject section */
		3A38DB27236EBFE200621E1A /* Project object */ = {
			isa = PBXProject;
			attributes = {
				KnownAssetTags = (
					10,
					2,
					3,
				);
				LastSwiftUpdateCheck = 1100;
				LastUpgradeCheck = 1100;
				ORGANIZATIONNAME = "Máťa Slábek";
				TargetAttributes = {
					3A38DB2E236EBFE200621E1A = {
						CreatedOnToolsVersion = 11.0;
					};
					3A38DB44236EBFE400621E1A = {
						CreatedOnToolsVersion = 11.0;
						TestTargetID = 3A38DB2E236EBFE200621E1A;
					};
					3A38DB4F236EBFE500621E1A = {
						CreatedOnToolsVersion = 11.0;
						TestTargetID = 3A38DB2E236EBFE200621E1A;
					};
				};
			};
			buildConfigurationList = 3A38DB2A236EBFE200621E1A /* Build configuration list for PBXProject "Calculator" */;
			compatibilityVersion = "Xcode 9.3";
			developmentRegion = en;
			hasScannedForEncodings = 0;
			knownRegions = (
				en,
				Base,
			);
			mainGroup = 3A38DB26236EBFE200621E1A;
			productRefGroup = 3A38DB30236EBFE200621E1A /* Products */;
			projectDirPath = "";
			projectRoot = "";
			targets = (
				3A38DB2E236EBFE200621E1A /* Calculator */,
				3A38DB44236EBFE400621E1A /* CalculatorTests */,
				3A38DB4F236EBFE500621E1A /* CalculatorUITests */,
			);
		};
/* End PBXProject section */

/* Begin PBXResourcesBuildPhase section */
		3A38DB2D236EBFE200621E1A /* Resources */ = {
			isa = PBXResourcesBuildPhase;
			buildActionMask = 2147483647;
			files = (
				3A38DB3F236EBFE400621E1A /* LaunchScreen.storyboard in Resources */,
				3A38DB3C236EBFE400621E1A /* Assets.xcassets in Resources */,
				3A38DB3A236EBFE200621E1A /* Main.storyboard in Resources */,
			);
			runOnlyForDeploymentPostprocessing = 0;
		};
		3A38DB43236EBFE400621E1A /* Resources */ = {
			isa = PBXResourcesBuildPhase;
			buildActionMask = 2147483647;
			files = (
			);
			runOnlyForDeploymentPostprocessing = 0;
		};
		3A38DB4E236EBFE500621E1A /* Resources */ = {
			isa = PBXResourcesBuildPhase;
			buildActionMask = 2147483647;
			files = (
			);
			runOnlyForDeploymentPostprocessing = 0;
		};
/* End PBXResourcesBuildPhase section */

/* Begin PBXSourcesBuildPhase section */
		3A38DB2B236EBFE200621E1A /* Sources */ = {
			isa = PBXSourcesBuildPhase;
			buildActionMask = 2147483647;
			files = (
				3A38DB37236EBFE200621E1A /* ViewController.swift in Sources */,
				3A38DB33236EBFE200621E1A /* AppDelegate.swift in Sources */,
				3A38DB35236EBFE200621E1A /* SceneDelegate.swift in Sources */,
			);
			runOnlyForDeploymentPostprocessing = 0;
		};
		3A38DB41236EBFE400621E1A /* Sources */ = {
			isa = PBXSourcesBuildPhase;
			buildActionMask = 2147483647;
			files = (
				3A38DB4A236EBFE400621E1A /* CalculatorTests.swift in Sources */,
			);
			runOnlyForDeploymentPostprocessing = 0;
		};
		3A38DB4C236EBFE500621E1A /* Sources */ = {
			isa = PBXSourcesBuildPhase;
			buildActionMask = 2147483647;
			files = (
				3A38DB55236EBFE500621E1A /* CalculatorUITests.swift in Sources */,
			);
			runOnlyForDeploymentPostprocessing = 0;
		};
/* End PBXSourcesBuildPhase section */

/* Begin PBXTargetDependency section */
		3A38DB47236EBFE400621E1A /* PBXTargetDependency */ = {
			isa = PBXTargetDependency;
			target = 3A38DB2E236EBFE200621E1A /* Calculator */;
			targetProxy = 3A38DB46236EBFE400621E1A /* PBXContainerItemProxy */;
		};
		3A38DB52236EBFE500621E1A /* PBXTargetDependency */ = {
			isa = PBXTargetDependency;
			target = 3A38DB2E236EBFE200621E1A /* Calculator */;
			targetProxy = 3A38DB51236EBFE500621E1A /* PBXContainerItemProxy */;
		};
/* End PBXTargetDependency section */

/* Begin PBXVariantGroup section */
		3A38DB38236EBFE200621E1A /* Main.storyboard */ = {
			isa = PBXVariantGroup;
			children = (
				3A38DB39236EBFE200621E1A /* Base */,
			);
			name = Main.storyboard;
			sourceTree = "<group>";
		};
		3A38DB3D236EBFE400621E1A /* LaunchScreen.storyboard */ = {
			isa = PBXVariantGroup;
			children = (
				3A38DB3E236EBFE400621E1A /* Base */,
			);
			name = LaunchScreen.storyboard;
			sourceTree = "<group>";
		};
/* End PBXVariantGroup section */

/* Begin XCBuildConfiguration section */
		3A38DB57236EBFE500621E1A /* Debug */ = {
			isa = XCBuildConfiguration;
			buildSettings = {
				ALWAYS_SEARCH_USER_PATHS = NO;
				CLANG_ANALYZER_NONNULL = YES;
				CLANG_ANALYZER_NUMBER_OBJECT_CONVERSION = YES_AGGRESSIVE;
				CLANG_CXX_LANGUAGE_STANDARD = "gnu++14";
				CLANG_CXX_LIBRARY = "libc++";
				CLANG_ENABLE_MODULES = YES;
				CLANG_ENABLE_OBJC_ARC = YES;
				CLANG_ENABLE_OBJC_WEAK = YES;
				CLANG_WARN_BLOCK_CAPTURE_AUTORELEASING = YES;
				CLANG_WARN_BOOL_CONVERSION = YES;
				CLANG_WARN_COMMA = YES;
				CLANG_WARN_CONSTANT_CONVERSION = YES;
				CLANG_WARN_DEPRECATED_OBJC_IMPLEMENTATIONS = YES;
				CLANG_WARN_DIRECT_OBJC_ISA_USAGE = YES_ERROR;
				CLANG_WARN_DOCUMENTATION_COMMENTS = YES;
				CLANG_WARN_EMPTY_BODY = YES;
				CLANG_WARN_ENUM_CONVERSION = YES;
				CLANG_WARN_INFINITE_RECURSION = YES;
				CLANG_WARN_INT_CONVERSION = YES;
				CLANG_WARN_NON_LITERAL_NULL_CONVERSION = YES;
				CLANG_WARN_OBJC_IMPLICIT_RETAIN_SELF = YES;
				CLANG_WARN_OBJC_LITERAL_CONVERSION = YES;
				CLANG_WARN_OBJC_ROOT_CLASS = YES_ERROR;
				CLANG_WARN_RANGE_LOOP_ANALYSIS = YES;
				CLANG_WARN_STRICT_PROTOTYPES = YES;
				CLANG_WARN_SUSPICIOUS_MOVE = YES;
				CLANG_WARN_UNGUARDED_AVAILABILITY = YES_AGGRESSIVE;
				CLANG_WARN_UNREACHABLE_CODE = YES;
				CLANG_WARN__DUPLICATE_METHOD_MATCH = YES;
				COPY_PHASE_STRIP = NO;
				DEBUG_INFORMATION_FORMAT = dwarf;
				ENABLE_STRICT_OBJC_MSGSEND = YES;
				ENABLE_TESTABILITY = YES;
				GCC_C_LANGUAGE_STANDARD = gnu11;
				GCC_DYNAMIC_NO_PIC = NO;
				GCC_NO_COMMON_BLOCKS = YES;
				GCC_OPTIMIZATION_LEVEL = 0;
				GCC_PREPROCESSOR_DEFINITIONS = (
					"DEBUG=1",
					"$(inherited)",
				);
				GCC_WARN_64_TO_32_BIT_CONVERSION = YES;
				GCC_WARN_ABOUT_RETURN_TYPE = YES_ERROR;
				GCC_WARN_UNDECLARED_SELECTOR = YES;
				GCC_WARN_UNINITIALIZED_AUTOS = YES_AGGRESSIVE;
				GCC_WARN_UNUSED_FUNCTION = YES;
				GCC_WARN_UNUSED_VARIABLE = YES;
				IPHONEOS_DEPLOYMENT_TARGET = 13.0;
				MTL_ENABLE_DEBUG_INFO = INCLUDE_SOURCE;
				MTL_FAST_MATH = YES;
				ONLY_ACTIVE_ARCH = YES;
				SDKROOT = iphoneos;
				SWIFT_ACTIVE_COMPILATION_CONDITIONS = DEBUG;
				SWIFT_OPTIMIZATION_LEVEL = "-Onone";
			};
			name = Debug;
		};
		3A38DB58236EBFE500621E1A /* Release */ = {
			isa = XCBuildConfiguration;
			buildSettings = {
				ALWAYS_SEARCH_USER_PATHS = NO;
				CLANG_ANALYZER_NONNULL = YES;
				CLANG_ANALYZER_NUMBER_OBJECT_CONVERSION = YES_AGGRESSIVE;
				CLANG_CXX_LANGUAGE_STANDARD = "gnu++14";
				CLANG_CXX_LIBRARY = "libc++";
				CLANG_ENABLE_MODULES = YES;
				CLANG_ENABLE_OBJC_ARC = YES;
				CLANG_ENABLE_OBJC_WEAK = YES;
				CLANG_WARN_BLOCK_CAPTURE_AUTORELEASING = YES;
				CLANG_WARN_BOOL_CONVERSION = YES;
				CLANG_WARN_COMMA = YES;
				CLANG_WARN_CONSTANT_CONVERSION = YES;
				CLANG_WARN_DEPRECATED_OBJC_IMPLEMENTATIONS = YES;
				CLANG_WARN_DIRECT_OBJC_ISA_USAGE = YES_ERROR;
				CLANG_WARN_DOCUMENTATION_COMMENTS = YES;
				CLANG_WARN_EMPTY_BODY = YES;
				CLANG_WARN_ENUM_CONVERSION = YES;
				CLANG_WARN_INFINITE_RECURSION = YES;
				CLANG_WARN_INT_CONVERSION = YES;
				CLANG_WARN_NON_LITERAL_NULL_CONVERSION = YES;
				CLANG_WARN_OBJC_IMPLICIT_RETAIN_SELF = YES;
				CLANG_WARN_OBJC_LITERAL_CONVERSION = YES;
				CLANG_WARN_OBJC_ROOT_CLASS = YES_ERROR;
				CLANG_WARN_RANGE_LOOP_ANALYSIS = YES;
				CLANG_WARN_STRICT_PROTOTYPES = YES;
				CLANG_WARN_SUSPICIOUS_MOVE = YES;
				CLANG_WARN_UNGUARDED_AVAILABILITY = YES_AGGRESSIVE;
				CLANG_WARN_UNREACHABLE_CODE = YES;
				CLANG_WARN__DUPLICATE_METHOD_MATCH = YES;
				COPY_PHASE_STRIP = NO;
				DEBUG_INFORMATION_FORMAT = "dwarf-with-dsym";
				ENABLE_NS_ASSERTIONS = NO;
				ENABLE_STRICT_OBJC_MSGSEND = YES;
				GCC_C_LANGUAGE_STANDARD = gnu11;
				GCC_NO_COMMON_BLOCKS = YES;
				GCC_WARN_64_TO_32_BIT_CONVERSION = YES;
				GCC_WARN_ABOUT_RETURN_TYPE = YES_ERROR;
				GCC_WARN_UNDECLARED_SELECTOR = YES;
				GCC_WARN_UNINITIALIZED_AUTOS = YES_AGGRESSIVE;
				GCC_WARN_UNUSED_FUNCTION = YES;
				GCC_WARN_UNUSED_VARIABLE = YES;
				IPHONEOS_DEPLOYMENT_TARGET = 13.0;
				MTL_ENABLE_DEBUG_INFO = NO;
				MTL_FAST_MATH = YES;
				SDKROOT = iphoneos;
				SWIFT_COMPILATION_MODE = wholemodule;
				SWIFT_OPTIMIZATION_LEVEL = "-O";
				VALIDATE_PRODUCT = YES;
			};
			name = Release;
		};
		3A38DB5A236EBFE500621E1A /* Debug */ = {
			isa = XCBuildConfiguration;
			buildSettings = {
				ASSETCATALOG_COMPILER_APPICON_NAME = AppIcon;
				CODE_SIGN_IDENTITY = "Apple Development";
				CODE_SIGN_STYLE = Automatic;
				DEVELOPMENT_TEAM = Y72DNT5PB7;
				INFOPLIST_FILE = Calculator/Info.plist;
				LD_RUNPATH_SEARCH_PATHS = (
					"$(inherited)",
					"@executable_path/Frameworks",
				);
				PRODUCT_BUNDLE_IDENTIFIER = vyvojioss.Calculator;
				PRODUCT_NAME = "$(TARGET_NAME)";
				PROVISIONING_PROFILE_SPECIFIER = "";
				SWIFT_VERSION = 5.0;
				TARGETED_DEVICE_FAMILY = "1,2";
			};
			name = Debug;
		};
		3A38DB5B236EBFE500621E1A /* Release */ = {
			isa = XCBuildConfiguration;
			buildSettings = {
				ASSETCATALOG_COMPILER_APPICON_NAME = AppIcon;
				CODE_SIGN_IDENTITY = "Apple Development";
				CODE_SIGN_STYLE = Automatic;
				DEVELOPMENT_TEAM = Y72DNT5PB7;
				INFOPLIST_FILE = Calculator/Info.plist;
				LD_RUNPATH_SEARCH_PATHS = (
					"$(inherited)",
					"@executable_path/Frameworks",
				);
				PRODUCT_BUNDLE_IDENTIFIER = vyvojioss.Calculator;
				PRODUCT_NAME = "$(TARGET_NAME)";
				PROVISIONING_PROFILE_SPECIFIER = "";
				SWIFT_VERSION = 5.0;
				TARGETED_DEVICE_FAMILY = "1,2";
			};
			name = Release;
		};
		3A38DB5D236EBFE500621E1A /* Debug */ = {
			isa = XCBuildConfiguration;
			buildSettings = {
				ALWAYS_EMBED_SWIFT_STANDARD_LIBRARIES = YES;
				BUNDLE_LOADER = "$(TEST_HOST)";
				CODE_SIGN_STYLE = Automatic;
				INFOPLIST_FILE = CalculatorTests/Info.plist;
				IPHONEOS_DEPLOYMENT_TARGET = 13.0;
				LD_RUNPATH_SEARCH_PATHS = (
					"$(inherited)",
					"@executable_path/Frameworks",
					"@loader_path/Frameworks",
				);
				PRODUCT_BUNDLE_IDENTIFIER = vyvojios.CalculatorTests;
				PRODUCT_NAME = "$(TARGET_NAME)";
				SWIFT_VERSION = 5.0;
				TARGETED_DEVICE_FAMILY = "1,2";
				TEST_HOST = "$(BUILT_PRODUCTS_DIR)/Calculator.app/Calculator";
			};
			name = Debug;
		};
		3A38DB5E236EBFE500621E1A /* Release */ = {
			isa = XCBuildConfiguration;
			buildSettings = {
				ALWAYS_EMBED_SWIFT_STANDARD_LIBRARIES = YES;
				BUNDLE_LOADER = "$(TEST_HOST)";
				CODE_SIGN_STYLE = Automatic;
				INFOPLIST_FILE = CalculatorTests/Info.plist;
				IPHONEOS_DEPLOYMENT_TARGET = 13.0;
				LD_RUNPATH_SEARCH_PATHS = (
					"$(inherited)",
					"@executable_path/Frameworks",
					"@loader_path/Frameworks",
				);
				PRODUCT_BUNDLE_IDENTIFIER = vyvojios.CalculatorTests;
				PRODUCT_NAME = "$(TARGET_NAME)";
				SWIFT_VERSION = 5.0;
				TARGETED_DEVICE_FAMILY = "1,2";
				TEST_HOST = "$(BUILT_PRODUCTS_DIR)/Calculator.app/Calculator";
			};
			name = Release;
		};
		3A38DB60236EBFE500621E1A /* Debug */ = {
			isa = XCBuildConfiguration;
			buildSettings = {
				ALWAYS_EMBED_SWIFT_STANDARD_LIBRARIES = YES;
				CODE_SIGN_STYLE = Automatic;
				INFOPLIST_FILE = CalculatorUITests/Info.plist;
				LD_RUNPATH_SEARCH_PATHS = (
					"$(inherited)",
					"@executable_path/Frameworks",
					"@loader_path/Frameworks",
				);
				PRODUCT_BUNDLE_IDENTIFIER = vyvojios.CalculatorUITests;
				PRODUCT_NAME = "$(TARGET_NAME)";
				SWIFT_VERSION = 5.0;
				TARGETED_DEVICE_FAMILY = "1,2";
				TEST_TARGET_NAME = Calculator;
			};
			name = Debug;
		};
		3A38DB61236EBFE500621E1A /* Release */ = {
			isa = XCBuildConfiguration;
			buildSettings = {
				ALWAYS_EMBED_SWIFT_STANDARD_LIBRARIES = YES;
				CODE_SIGN_STYLE = Automatic;
				INFOPLIST_FILE = CalculatorUITests/Info.plist;
				LD_RUNPATH_SEARCH_PATHS = (
					"$(inherited)",
					"@executable_path/Frameworks",
					"@loader_path/Frameworks",
				);
				PRODUCT_BUNDLE_IDENTIFIER = vyvojios.CalculatorUITests;
				PRODUCT_NAME = "$(TARGET_NAME)";
				SWIFT_VERSION = 5.0;
				TARGETED_DEVICE_FAMILY = "1,2";
				TEST_TARGET_NAME = Calculator;
			};
			name = Release;
		};
/* End XCBuildConfiguration section */

/* Begin XCConfigurationList section */
		3A38DB2A236EBFE200621E1A /* Build configuration list for PBXProject "Calculator" */ = {
			isa = XCConfigurationList;
			buildConfigurations = (
				3A38DB57236EBFE500621E1A /* Debug */,
				3A38DB58236EBFE500621E1A /* Release */,
			);
			defaultConfigurationIsVisible = 0;
			defaultConfigurationName = Release;
		};
		3A38DB59236EBFE500621E1A /* Build configuration list for PBXNativeTarget "Calculator" */ = {
			isa = XCConfigurationList;
			buildConfigurations = (
				3A38DB5A236EBFE500621E1A /* Debug */,
				3A38DB5B236EBFE500621E1A /* Release */,
			);
			defaultConfigurationIsVisible = 0;
			defaultConfigurationName = Release;
		};
		3A38DB5C236EBFE500621E1A /* Build configuration list for PBXNativeTarget "CalculatorTests" */ = {
			isa = XCConfigurationList;
			buildConfigurations = (
				3A38DB5D236EBFE500621E1A /* Debug */,
				3A38DB5E236EBFE500621E1A /* Release */,
			);
			defaultConfigurationIsVisible = 0;
			defaultConfigurationName = Release;
		};
		3A38DB5F236EBFE500621E1A /* Build configuration list for PBXNativeTarget "CalculatorUITests" */ = {
			isa = XCConfigurationList;
			buildConfigurations = (
				3A38DB60236EBFE500621E1A /* Debug */,
				3A38DB61236EBFE500621E1A /* Release */,
			);
			defaultConfigurationIsVisible = 0;
			defaultConfigurationName = Release;
		};
/* End XCConfigurationList section */
	};
	rootObject = 3A38DB27236EBFE200621E1A /* Project object */;
}
